# This file is automatically @generated by Cargo.
# It is not intended for manual editing.
[[package]]
name = "meda"
version = "0.1.0"
dependencies = [
 "unicode-segmentation 1.3.0 (git+https://github.com/unicode-rs/unicode-segmentation)",
]

[[package]]
name = "unicode-segmentation"
version = "1.3.0"
source = "git+https://github.com/unicode-rs/unicode-segmentation#23771de9c7c3d402e527811934e47623a4ebd8b7"

[metadata]
"checksum unicode-segmentation 1.3.0 (git+https://github.com/unicode-rs/unicode-segmentation)" = "<none>"
